{
    "version": 3,
    "terraform_version": "0.7.0",
    "serial": 9,
    "lineage": "61f5a55b-20a3-4eab-832d-318b45f2534e",
    "modules": [
        {
            "path": [
                "root"
            ],
            "outputs": {},
            "resources": {
                "aws_eip.ip": {
                    "type": "aws_eip",
                    "depends_on": [
                        "aws_instance.example"
                    ],
                    "primary": {
                        "id": "eipalloc-9bb29aa7",
                        "attributes": {
                            "association_id": "eipassoc-11c0ae2c",
                            "domain": "vpc",
                            "id": "eipalloc-9bb29aa7",
                            "instance": "i-5934d3c8",
                            "network_interface": "eni-6433ba74",
                            "private_ip": "172.31.48.29",
                            "public_ip": "52.202.72.37"
                        }
                    }
                },
                "aws_instance.example": {
                    "type": "aws_instance",
                    "primary": {
                        "id": "i-5934d3c8",
                        "attributes": {
                            "ami": "ami-13be557e",
                            "availability_zone": "us-east-1c",
                            "disable_api_termination": "false",
                            "ebs_block_device.#": "0",
                            "ebs_optimized": "false",
                            "ephemeral_block_device.#": "0",
                            "iam_instance_profile": "",
                            "id": "i-5934d3c8",
                            "instance_state": "running",
                            "instance_type": "t2.nano",
                            "key_name": "",
                            "monitoring": "false",
                            "network_interface_id": "eni-6433ba74",
                            "private_dns": "ip-172-31-48-29.ec2.internal",
                            "private_ip": "172.31.48.29",
                            "public_dns": "ec2-54-167-38-210.compute-1.amazonaws.com",
                            "public_ip": "54.167.38.210",
                            "root_block_device.#": "1",
                            "root_block_device.0.delete_on_termination": "true",
                            "root_block_device.0.iops": "100",
                            "root_block_device.0.volume_size": "8",
                            "root_block_device.0.volume_type": "gp2",
                            "security_groups.#": "0",
                            "source_dest_check": "true",
                            "subnet_id": "subnet-6e303a44",
                            "tags.%": "0",
                            "tenancy": "default",
                            "vpc_security_group_ids.#": "1",
                            "vpc_security_group_ids.2665447538": "sg-df5d8aa5"
                        },
                        "meta": {
                            "schema_version": "1"
                        }
                    }
                }
            }
        }
    ]
}
